
Microsoft Visual Studio Solution File, Format Version 12.00
# Visual Studio Version 16
VisualStudioVersion = 16.0.32228.343
MinimumVisualStudioVersion = 10.0.40219.1
Project("{FAE04EC0-301F-11D3-BF4B-00C04F79EFBC}") = "IMDBMongo", "IMDBMongo\IMDBMongo.csproj", "{8A8802AA-5969-4E94-A631-8FDACF699A7B}"
EndProject
Global
	GlobalSection(SolutionConfigurationPlatforms) = preSolution
		Debug|Any CPU = Debug|Any CPU
		Release|Any CPU = Release|Any CPU
	EndGlobalSection
	GlobalSection(ProjectConfigurationPlatforms) = postSolution
		{8A8802AA-5969-4E94-A631-8FDACF699A7B}.Debug|Any CPU.ActiveCfg = Debug|Any CPU
		{8A8802AA-5969-4E94-A631-8FDACF699A7B}.Debug|Any CPU.Build.0 = Debug|Any CPU
		{8A8802AA-5969-4E94-A631-8FDACF699A7B}.Release|Any CPU.ActiveCfg = Release|Any CPU
		{8A8802AA-5969-4E94-A631-8FDACF699A7B}.Release|Any CPU.Build.0 = Release|Any CPU
	EndGlobalSection
	GlobalSection(SolutionProperties) = preSolution
		HideSolutionNode = FALSE
	EndGlobalSection
	GlobalSection(ExtensibilityGlobals) = postSolution
		SolutionGuid = {AB4C9400-3B6C-4AA6-A53C-34E13CD64723}
	EndGlobalSection
EndGlobal
